{
  "name": "scroll-video",
  "version": "1.0.0",
  "lockfileVersion": 1,
  "requires": true,
  "dependencies": {
    "@types/node": {
      "version": "8.10.61",
      "resolved": "https://registry.npmjs.org/@types/node/-/node-8.10.61.tgz",
      "integrity": "sha512-l+zSbvT8TPRaCxL1l9cwHCb0tSqGAGcjPJFItGGYat5oCTiq1uQQKYg5m7AF1mgnEBzFXGLJ2LRmNjtreRX76Q=="
    },
    "animation-util": {
      "version": "1.0.10",
      "resolved": "https://registry.npm.taobao.org/animation-util/download/animation-util-1.0.10.tgz",
      "integrity": "sha1-1wa+vyGRisdsL9Sgs7n5NhcT/Oo=",
      "requires": {
        "object-assign": "^4.1.1"
      }
    },
    "bindingx-parser": {
      "version": "0.0.3",
      "resolved": "https://registry.npm.taobao.org/bindingx-parser/download/bindingx-parser-0.0.3.tgz",
      "integrity": "sha1-sV6bVhFcOZFGqlbjqW+sNAmCl60="
    },
    "bindingx-web-polyfill": {
      "version": "0.1.18",
      "resolved": "https://registry.npm.taobao.org/bindingx-web-polyfill/download/bindingx-web-polyfill-0.1.18.tgz",
      "integrity": "sha1-RTG87woseAcxudCg9lGAcQnygnA=",
      "requires": {
        "animation-util": "^1.0.10",
        "object-assign": "^4.1.1",
        "simple-lodash": "^0.0.3"
      },
      "dependencies": {
        "simple-lodash": {
          "version": "0.0.3",
          "resolved": "https://registry.npm.taobao.org/simple-lodash/download/simple-lodash-0.0.3.tgz",
          "integrity": "sha1-YSrhwF9pCEgdjDQuy+NmPSN5QeA="
        }
      }
    },
    "cos-js-sdk-v5": {
      "version": "0.5.20",
      "resolved": "https://registry.npm.taobao.org/cos-js-sdk-v5/download/cos-js-sdk-v5-0.5.20.tgz?cache=0&sync_timestamp=1568174173125&other_urls=https%3A%2F%2Fregistry.npm.taobao.org%2Fcos-js-sdk-v5%2Fdownload%2Fcos-js-sdk-v5-0.5.20.tgz",
      "integrity": "sha1-KhtEZQzYJ6EIvu1aDva2B96rQwc=",
      "requires": {
        "xmldom": "^0.1.27"
      }
    },
    "event-bus-station": {
      "version": "1.0.0",
      "resolved": "https://registry.npmjs.org/event-bus-station/-/event-bus-station-1.0.0.tgz",
      "integrity": "sha512-U+fbXHb6sW8RssxuggxRGw2AWOnyWSfwtYIiVOW30L8Sz1FOF9L66x8d9QVoOzaevgOtwYXfaLl0RXDGtoBbQg==",
      "requires": {
        "@types/node": "^8.0.47"
      }
    },
    "im-live-sells": {
      "version": "1.0.16",
      "resolved": "https://registry.npmjs.org/im-live-sells/-/im-live-sells-1.0.16.tgz",
      "integrity": "sha512-y06M3mkUiIO5fOU8se77pMMbybZqiqNtoZwJyQhoVdcUcJ1mS/QK/Vn7MiYgnWVpKvRo89fFFN5IbhiJoOVG8w==",
      "requires": {
        "event-bus-station": "^1.0.0",
        "js-event-bus": "^1.0.1",
        "tim-js-sdk": "^2.6.2",
        "tim-wx-sdk": "^2.6.2"
      }
    },
    "js-event-bus": {
      "version": "1.0.3",
      "resolved": "https://registry.npmjs.org/js-event-bus/-/js-event-bus-1.0.3.tgz",
      "integrity": "sha512-SNXH75Y84a6FE8U03OUNL4WyBsmcmNSgMz1UhBkekwbMCPRbJfEu5OxzEwhW0TVgsrxclwSskb7UZeP7VfzheA=="
    },
    "jy-request": {
      "version": "1.0.1",
      "resolved": "https://registry.npmjs.org/jy-request/-/jy-request-1.0.1.tgz",
      "integrity": "sha512-3HzwC+vTaY12oARFhaL3plP+vEUTx3U+WR6nWM+LhIW0EFbjc2M1AikWR9mP4k6VovAoN3X76rZx7oAXb7HTEw=="
    },
    "object-assign": {
      "version": "4.1.1",
      "resolved": "http://registry.npm.taobao.org/object-assign/download/object-assign-4.1.1.tgz",
      "integrity": "sha1-IQmtx5ZYh8/AXLvUQsrIv7s2CGM="
    },
    "simple-lodash": {
      "version": "0.0.2",
      "resolved": "https://registry.npm.taobao.org/simple-lodash/download/simple-lodash-0.0.2.tgz",
      "integrity": "sha1-2OtKYOmWpVClwa3ajvu3YpiSRrE="
    },
    "tim-js-sdk": {
      "version": "2.6.6",
      "resolved": "https://registry.npmjs.org/tim-js-sdk/-/tim-js-sdk-2.6.6.tgz",
      "integrity": "sha512-7fbGQH0mNHZUcOzAl64D5Cbeh4nyarGYN+LCJRvmGeRcnzQd7mtZM8I62U6t4iHeWjwVCm0+8yY3SQWsHWyDVg=="
    },
    "tim-wx-sdk": {
      "version": "2.6.6",
      "resolved": "https://registry.npmjs.org/tim-wx-sdk/-/tim-wx-sdk-2.6.6.tgz",
      "integrity": "sha512-9bWrpxV70W22l5S3I+K02gr4O4D9qWdR/fvrV388u2gdmjaVs7iW+IucAFNcRiclyYBEVxZ6S4bQ4nNkVWMMag=="
    },
    "universal-env": {
      "version": "0.6.6",
      "resolved": "https://registry.npm.taobao.org/universal-env/download/universal-env-0.6.6.tgz",
      "integrity": "sha1-3VrfgWqOw+kI1ISOFxTf4w3YqXA="
    },
    "weex-bindingx": {
      "version": "0.0.49",
      "resolved": "https://registry.npm.taobao.org/weex-bindingx/download/weex-bindingx-0.0.49.tgz",
      "integrity": "sha1-h4/LcX+2oifA+NQJi6HhPT4EYJQ=",
      "requires": {
        "bindingx-parser": "0.x.x",
        "bindingx-web-polyfill": "0.x.x",
        "object-assign": "^4.1.1",
        "simple-lodash": "^0.0.2",
        "universal-env": "0.x.x"
      }
    },
    "xmldom": {
      "version": "0.1.27",
      "resolved": "http://registry.npm.taobao.org/xmldom/download/xmldom-0.1.27.tgz",
      "integrity": "sha1-1QH5ezvbQDr4757MIFcxh6rawOk="
    }
  }
}
